
Microsoft Visual Studio Solution File, Format Version 12.00
# Visual Studio Version 17
VisualStudioVersion = 17.4.33110.190
MinimumVisualStudioVersion = 10.0.40219.1
Project("{FAE04EC0-301F-11D3-BF4B-00C04F79EFBC}") = "SalaryChallenge", "SalaryChallenge\SalaryChallenge.csproj", "{828A79BE-A0C3-4C84-B0B2-2B7FE09A2461}"
EndProject
Global
	GlobalSection(SolutionConfigurationPlatforms) = preSolution
		Debug|Any CPU = Debug|Any CPU
		Release|Any CPU = Release|Any CPU
	EndGlobalSection
	GlobalSection(ProjectConfigurationPlatforms) = postSolution
		{828A79BE-A0C3-4C84-B0B2-2B7FE09A2461}.Debug|Any CPU.ActiveCfg = Debug|Any CPU
		{828A79BE-A0C3-4C84-B0B2-2B7FE09A2461}.Debug|Any CPU.Build.0 = Debug|Any CPU
		{828A79BE-A0C3-4C84-B0B2-2B7FE09A2461}.Release|Any CPU.ActiveCfg = Release|Any CPU
		{828A79BE-A0C3-4C84-B0B2-2B7FE09A2461}.Release|Any CPU.Build.0 = Release|Any CPU
	EndGlobalSection
	GlobalSection(SolutionProperties) = preSolution
		HideSolutionNode = FALSE
	EndGlobalSection
	GlobalSection(ExtensibilityGlobals) = postSolution
		SolutionGuid = {D07BD3C5-AEE0-447B-93D3-0FC16FE42B72}
	EndGlobalSection
EndGlobal
