
Microsoft Visual Studio Solution File, Format Version 12.00
# Visual Studio Version 17
VisualStudioVersion = 17.4.33110.190
MinimumVisualStudioVersion = 10.0.40219.1
Project("{FAE04EC0-301F-11D3-BF4B-00C04F79EFBC}") = "ControlStructures", "ControlStructures\ControlStructures.csproj", "{0645E4A6-A210-4554-A255-606F48CD9739}"
EndProject
Global
	GlobalSection(SolutionConfigurationPlatforms) = preSolution
		Debug|Any CPU = Debug|Any CPU
		Release|Any CPU = Release|Any CPU
	EndGlobalSection
	GlobalSection(ProjectConfigurationPlatforms) = postSolution
		{0645E4A6-A210-4554-A255-606F48CD9739}.Debug|Any CPU.ActiveCfg = Debug|Any CPU
		{0645E4A6-A210-4554-A255-606F48CD9739}.Debug|Any CPU.Build.0 = Debug|Any CPU
		{0645E4A6-A210-4554-A255-606F48CD9739}.Release|Any CPU.ActiveCfg = Release|Any CPU
		{0645E4A6-A210-4554-A255-606F48CD9739}.Release|Any CPU.Build.0 = Release|Any CPU
	EndGlobalSection
	GlobalSection(SolutionProperties) = preSolution
		HideSolutionNode = FALSE
	EndGlobalSection
	GlobalSection(ExtensibilityGlobals) = postSolution
		SolutionGuid = {1D1417E8-114E-4405-8EEC-AE534C8261AD}
	EndGlobalSection
EndGlobal
